
Microsoft Visual Studio Solution File, Format Version 12.00
# Visual Studio Version 17
VisualStudioVersion = 17.9.34728.123
MinimumVisualStudioVersion = 10.0.40219.1
Project("{FAE04EC0-301F-11D3-BF4B-00C04F79EFBC}") = "GoEnd", "ConsoleApp4\GoEnd.csproj", "{F3F7C3F4-B9C7-465D-9381-D75A4EDFFD83}"
EndProject
Global
	GlobalSection(SolutionConfigurationPlatforms) = preSolution
		Debug|Any CPU = Debug|Any CPU
		Release|Any CPU = Release|Any CPU
	EndGlobalSection
	GlobalSection(ProjectConfigurationPlatforms) = postSolution
		{F3F7C3F4-B9C7-465D-9381-D75A4EDFFD83}.Debug|Any CPU.ActiveCfg = Debug|Any CPU
		{F3F7C3F4-B9C7-465D-9381-D75A4EDFFD83}.Debug|Any CPU.Build.0 = Debug|Any CPU
		{F3F7C3F4-B9C7-465D-9381-D75A4EDFFD83}.Release|Any CPU.ActiveCfg = Release|Any CPU
		{F3F7C3F4-B9C7-465D-9381-D75A4EDFFD83}.Release|Any CPU.Build.0 = Release|Any CPU
	EndGlobalSection
	GlobalSection(SolutionProperties) = preSolution
		HideSolutionNode = FALSE
	EndGlobalSection
	GlobalSection(ExtensibilityGlobals) = postSolution
		SolutionGuid = {52B485F4-50C4-4F9B-8973-C8B69D21BC34}
	EndGlobalSection
EndGlobal
